
Microsoft Visual Studio Solution File, Format Version 12.00
# Visual Studio Version 17
VisualStudioVersion = 17.5.002.0
MinimumVisualStudioVersion = 10.0.40219.1
Project("{9A19103F-16F7-4668-BE54-9A1E7A4F7556}") = "FunctionAppDemoCosmos", "FunctionAppDemoCosmos.csproj", "{6C85BA86-773F-409B-9ACB-76431CAA52BA}"
EndProject
Global
	GlobalSection(SolutionConfigurationPlatforms) = preSolution
		Debug|Any CPU = Debug|Any CPU
		Release|Any CPU = Release|Any CPU
	EndGlobalSection
	GlobalSection(ProjectConfigurationPlatforms) = postSolution
		{6C85BA86-773F-409B-9ACB-76431CAA52BA}.Debug|Any CPU.ActiveCfg = Debug|Any CPU
		{6C85BA86-773F-409B-9ACB-76431CAA52BA}.Debug|Any CPU.Build.0 = Debug|Any CPU
		{6C85BA86-773F-409B-9ACB-76431CAA52BA}.Release|Any CPU.ActiveCfg = Release|Any CPU
		{6C85BA86-773F-409B-9ACB-76431CAA52BA}.Release|Any CPU.Build.0 = Release|Any CPU
	EndGlobalSection
	GlobalSection(SolutionProperties) = preSolution
		HideSolutionNode = FALSE
	EndGlobalSection
	GlobalSection(ExtensibilityGlobals) = postSolution
		SolutionGuid = {95449869-ADCD-4DF3-ADE0-37367CCD3797}
	EndGlobalSection
EndGlobal
